{
  "lockfileVersion": 1,
  "workspaces": {
    "": {
      "name": "simplegeo",
      "dependencies": {
        "geotiff": "^2.1.4-beta.0",
        "three": "^0.180.0",
        "tweakpane": "^4.0.5",
      },
    },
  },
  "packages": {
    "@petamoriken/float16": ["@petamoriken/float16@3.9.2", "", {}, "sha512-VgffxawQde93xKxT3qap3OH+meZf7VaSB5Sqd4Rqc+FP5alWbpOyan/7tRbOAvynjpG3GpdtAuGU/NdhQpmrog=="],

    "geotiff": ["geotiff@2.1.4-beta.0", "", { "dependencies": { "@petamoriken/float16": "^3.4.7", "lerc": "^3.0.0", "pako": "^2.0.4", "parse-headers": "^2.0.2", "quick-lru": "^6.1.1", "web-worker": "^1.5.0", "xml-utils": "^1.10.2", "zstddec": "^0.2.0-alpha.3" } }, "sha512-jb6SYvHMyiCqwqgGGLDAxtig9h1g6O+n1wEyNEE4QgVEXOItYaWrEgPg9SAnwdoZm2yx6DpFtilbGG65hvZgpQ=="],

    "lerc": ["lerc@3.0.0", "", {}, "sha512-Rm4J/WaHhRa93nCN2mwWDZFoRVF18G1f47C+kvQWyHGEZxFpTUi73p7lMVSAndyxGt6lJ2/CFbOcf9ra5p8aww=="],

    "pako": ["pako@2.1.0", "", {}, "sha512-w+eufiZ1WuJYgPXbV/PO3NCMEc3xqylkKHzp8bxp1uW4qaSNQUkwmLLEc3kKsfz8lpV1F8Ht3U1Cm+9Srog2ug=="],

    "parse-headers": ["parse-headers@2.0.6", "", {}, "sha512-Tz11t3uKztEW5FEVZnj1ox8GKblWn+PvHY9TmJV5Mll2uHEwRdR/5Li1OlXoECjLYkApdhWy44ocONwXLiKO5A=="],

    "quick-lru": ["quick-lru@6.1.2", "", {}, "sha512-AAFUA5O1d83pIHEhJwWCq/RQcRukCkn/NSm2QsTEMle5f2hP0ChI2+3Xb051PZCkLryI/Ir1MVKviT2FIloaTQ=="],

    "three": ["three@0.180.0", "", {}, "sha512-o+qycAMZrh+TsE01GqWUxUIKR1AL0S8pq7zDkYOQw8GqfX8b8VoCKYUoHbhiX5j+7hr8XsuHDVU6+gkQJQKg9w=="],

    "tweakpane": ["tweakpane@4.0.5", "", {}, "sha512-rxEXdSI+ArlG1RyO6FghC4ZUX8JkEfz8F3v1JuteXSV0pEtHJzyo07fcDG+NsJfN5L39kSbCYbB9cBGHyuI/tQ=="],

    "web-worker": ["web-worker@1.5.0", "", {}, "sha512-RiMReJrTAiA+mBjGONMnjVDP2u3p9R1vkcGz6gDIrOMT3oGuYwX2WRMYI9ipkphSuE5XKEhydbhNEJh4NY9mlw=="],

    "xml-utils": ["xml-utils@1.10.2", "", {}, "sha512-RqM+2o1RYs6T8+3DzDSoTRAUfrvaejbVHcp3+thnAtDKo8LskR+HomLajEy5UjTz24rpka7AxVBRR3g2wTUkJA=="],

    "zstddec": ["zstddec@0.2.0-alpha.3", "", {}, "sha512-uHyE3TN8jRFOaMVwdhERfrcaabyoUUawIRDKXE6x0nCU7mzyIZO0LndJ3AtVUiKLF0lC+8F5bMSySWEF586PSA=="],
  }
}
